{
  "version": "2",
  "remote": {
    "https://deno.land/std@0.177.0/_util/asserts.ts": "178dfc49a464aee693a7e285567b3d0b555dc805ff490505a8aae34f9cfb1462",
    "https://deno.land/std@0.177.0/bytes/concat.ts": "d26d6f3d7922e6d663dacfcd357563b7bf4a380ce5b9c2bbe0c8586662f25ce2",
    "https://deno.land/std@0.177.0/bytes/copy.ts": "939d89e302a9761dcf1d9c937c7711174ed74c59eef40a1e4569a05c9de88219",
    "https://deno.land/std@0.177.0/collections/_utils.ts": "5114abc026ddef71207a79609b984614e66a63a4bda17d819d56b0e72c51527e",
    "https://deno.land/std@0.177.0/collections/deep_merge.ts": "5a8ed29030f4471a5272785c57c3455fa79697b9a8f306013a8feae12bafc99a",
    "https://deno.land/std@0.177.0/encoding/_toml/parser.ts": "a932beaf8e65af821c7ff36ff38f6fde3ab8d24a8a79c7ca6fe2e7a920c39804",
    "https://deno.land/std@0.177.0/encoding/toml.ts": "d11fc659365218035ec1d92c1dfa206718838954a6de7cfc62d0a07ffb19f582",
    "https://deno.land/std@0.177.0/fmt/colors.ts": "938c5d44d889fb82eff6c358bea8baa7e85950a16c9f6dae3ec3a7a729164471",
    "https://deno.land/std@0.177.0/fs/exists.ts": "b8c8a457b71e9d7f29b9d2f87aad8dba2739cbe637e8926d6ba6e92567875f8e",
    "https://deno.land/std@0.177.0/io/buf_reader.ts": "90a7adcb3638d8e1361695cdf844d58bcd97c41711dc6f9f8acc0626ebe097f5",
    "https://deno.land/std@0.177.0/io/buf_writer.ts": "759c69d304b04d2909976f2a03a24a107276fbd81ed13593c5c2d43d104b52f3",
    "https://deno.land/std@0.177.0/io/read_lines.ts": "baee9e35034f2fdfccf63bc24b7e3cb45aa1c1c5de26d178f7bcbc572e87772f",
    "https://deno.land/std@0.177.0/log/handlers.ts": "38871ecbfa67b0d39dc3384210439ac9a13cba6118b912236f9011b5989b9a4d",
    "https://deno.land/std@0.177.0/log/levels.ts": "6309147664e9e008cd6671610f2505c4c95f181f6bae4816a84b33e0aec66859",
    "https://deno.land/std@0.177.0/log/logger.ts": "257ceb47e3f5f872068073de9809b015a7400e8d86dd40563c1d80169e578f71",
    "https://deno.land/std@0.177.0/log/mod.ts": "36d156ad18de3f1806c6ddafa4965129be99ccafc27f1813de528d65b6c528bf",
    "https://deno.land/std@0.177.0/types.d.ts": "220ed56662a0bd393ba5d124aa6ae2ad36a00d2fcbc0e8666a65f4606aaa9784",
    "https://esm.sh/json2md@2.0.0": "fefb4a9c84ccf75532da328220f8f4267419502b6ca57e0b0c2997256ced7864",
    "https://esm.sh/jsonpath-plus@7.2.0": "37b5ef559fb730b3d9c38889d91d72e37a82b883bfb0046c38fe5f8b1d307e36",
    "https://esm.sh/v106/@types/json2md@1.5.1/index.d.ts": "2516f31d07a79b2c9daf889ffb4d9715d9e836844c6568517a87faf13659c425",
    "https://esm.sh/v106/indento@1.1.13/deno/indento.js": "8012950040c79fdff0314f6cc092a77c61d0a6ea1d52cda4df284e34564aeafe",
    "https://esm.sh/v106/json2md@2.0.0/deno/json2md.js": "e20343b04d96a8b4834be4fde9584d21f1c6d1aaa8889f4dc82a095fbd4e58cb",
    "https://esm.sh/v106/jsonpath-plus@7.2.0/deno/jsonpath-plus.js": "40bfeee8d122d4efd4b79fe8b27f9387041ea9252c3f62706319f8d53e3645e4",
    "https://esm.sh/v106/jsonpath-plus@7.2.0/src/jsonpath.d.ts": "12e131b5f9ecafe5d0d3386cd33ce57842ecad58a486e7e5e242f4e3b1ec404b"
  }
}
